// !$*UTF8*$!
{
	archiveVersion = 1;
	classes = {
	};
	objectVersion = 46;
	objects = {

/* Begin PBXBuildFile section */
		412123D6207F582400D23929 /* MAURUncaughtExceptionLogger.m in Sources */ = {isa = PBXBuildFile; fileRef = 412123D5207F582400D23929 /* MAURUncaughtExceptionLogger.m */; };
		412428C71FB5AD2B00B21101 /* MAURBackgroundGeolocationFacade.h in Copy Files */ = {isa = PBXBuildFile; fileRef = 41E82E761D5E351900F65575 /* MAURBackgroundGeolocationFacade.h */; };
		412428C91FB5ADDA00B21101 /* MAURLocation.h in Copy Files */ = {isa = PBXBuildFile; fileRef = 41E82E721D5E351900F65575 /* MAURLocation.h */; };
		412428CA1FB5AE4B00B21101 /* MAURProviderDelegate.h in Copy Files */ = {isa = PBXBuildFile; fileRef = 41399A081D941BC7005D6B5D /* MAURProviderDelegate.h */; };
		412428CC1FB5B04300B21101 /* MAURConfig.h in Copy Files */ = {isa = PBXBuildFile; fileRef = 41E82E6A1D5E351900F65575 /* MAURConfig.h */; };
		412428D01FB5B43B00B21101 /* MAURBackgroundTaskManager.h in Copy Files */ = {isa = PBXBuildFile; fileRef = 41E82E641D5E351900F65575 /* MAURBackgroundTaskManager.h */; };
		412A7613219736AB000F6054 /* BackgroundGeolocation.h in Headers */ = {isa = PBXBuildFile; fileRef = 412A7611219736AB000F6054 /* BackgroundGeolocation.h */; settings = {ATTRIBUTES = (Public, ); }; };
		412A764621973865000F6054 /* MAURMotionActivity.m in Sources */ = {isa = PBXBuildFile; fileRef = 41BCFA411FE19B3000D4000E /* MAURMotionActivity.m */; };
		412A764721973865000F6054 /* MAURMotionDetector.m in Sources */ = {isa = PBXBuildFile; fileRef = 41BCFA511FE19ED300D4000E /* MAURMotionDetector.m */; };
		412A764A21973865000F6054 /* MAURGeolocationOpenHelper.m in Sources */ = {isa = PBXBuildFile; fileRef = 41E82E711D5E351900F65575 /* MAURGeolocationOpenHelper.m */; };
		412A764B21973865000F6054 /* MAURConfigurationContract.m in Sources */ = {isa = PBXBuildFile; fileRef = 41B180351FD1B64F00951D67 /* MAURConfigurationContract.m */; };
		412A764C21973865000F6054 /* MAURLocationContract.m in Sources */ = {isa = PBXBuildFile; fileRef = 41E82E751D5E351900F65575 /* MAURLocationContract.m */; };
		412A764D21973865000F6054 /* MAURSQLiteHelper.m in Sources */ = {isa = PBXBuildFile; fileRef = 41E82E7F1D5E351900F65575 /* MAURSQLiteHelper.m */; };
		412A764E21973865000F6054 /* MAURSQLiteOpenHelper.m in Sources */ = {isa = PBXBuildFile; fileRef = 41E82E831D5E351900F65575 /* MAURSQLiteOpenHelper.m */; };
		412A764F21973865000F6054 /* MAURSQLiteLocationDAO.m in Sources */ = {isa = PBXBuildFile; fileRef = 41E82E811D5E351900F65575 /* MAURSQLiteLocationDAO.m */; };
		412A765021973865000F6054 /* MAURSQLiteConfigurationDAO.m in Sources */ = {isa = PBXBuildFile; fileRef = 41B180381FD1BD4600951D67 /* MAURSQLiteConfigurationDAO.m */; };
		412A765121973865000F6054 /* MAURAbstractLocationProvider.m in Sources */ = {isa = PBXBuildFile; fileRef = 41399A0A1D941BC7005D6B5D /* MAURAbstractLocationProvider.m */; };
		412A765221973865000F6054 /* MAURActivityLocationProvider.m in Sources */ = {isa = PBXBuildFile; fileRef = 41399A051D941BC7005D6B5D /* MAURActivityLocationProvider.m */; };
		412A765321973865000F6054 /* MAURDistanceFilterLocationProvider.m in Sources */ = {isa = PBXBuildFile; fileRef = 41399A071D941BC7005D6B5D /* MAURDistanceFilterLocationProvider.m */; };
		412A765421973865000F6054 /* MAURRawLocationProvider.m in Sources */ = {isa = PBXBuildFile; fileRef = 4198B21D1FB08A2B00DCC96D /* MAURRawLocationProvider.m */; };
		412A765521973865000F6054 /* MAURLogReader.m in Sources */ = {isa = PBXBuildFile; fileRef = 41E82E7B1D5E351900F65575 /* MAURLogReader.m */; };
		412A765621973865000F6054 /* FMDBLogger.m in Sources */ = {isa = PBXBuildFile; fileRef = 41E82E6F1D5E351900F65575 /* FMDBLogger.m */; };
		412A765721973865000F6054 /* MAURUncaughtExceptionLogger.m in Sources */ = {isa = PBXBuildFile; fileRef = 412123D5207F582400D23929 /* MAURUncaughtExceptionLogger.m */; };
		412A765921973865000F6054 /* MAURBackgroundTaskManager.m in Sources */ = {isa = PBXBuildFile; fileRef = 41E82E651D5E351900F65575 /* MAURBackgroundTaskManager.m */; };
		412A765A21973865000F6054 /* MAURBackgroundSync.m in Sources */ = {isa = PBXBuildFile; fileRef = 41E82E791D5E351900F65575 /* MAURBackgroundSync.m */; };
		412A765C21973865000F6054 /* MAURConfig.m in Sources */ = {isa = PBXBuildFile; fileRef = 41E82E6B1D5E351900F65575 /* MAURConfig.m */; };
		412A765D21973865000F6054 /* MAURActivity.m in Sources */ = {isa = PBXBuildFile; fileRef = 4185A96A1FE79635008515B4 /* MAURActivity.m */; };
		412A765E21973865000F6054 /* MAURLocation.m in Sources */ = {isa = PBXBuildFile; fileRef = 41E82E731D5E351900F65575 /* MAURLocation.m */; };
		412A765F21973865000F6054 /* MAURLocationManager.m in Sources */ = {isa = PBXBuildFile; fileRef = 4198B2201FB08D7700DCC96D /* MAURLocationManager.m */; };
		412A766021973865000F6054 /* MAURPostLocationTask.m in Sources */ = {isa = PBXBuildFile; fileRef = 4152F1B62094F8EA00BFE338 /* MAURPostLocationTask.m */; };
		412A766121973865000F6054 /* MAURBackgroundGeolocationFacade.m in Sources */ = {isa = PBXBuildFile; fileRef = 41E82E771D5E351900F65575 /* MAURBackgroundGeolocationFacade.m */; };
		412A7668219742C4000F6054 /* MAURBackgroundGeolocationFacade.h in Headers */ = {isa = PBXBuildFile; fileRef = 41E82E761D5E351900F65575 /* MAURBackgroundGeolocationFacade.h */; settings = {ATTRIBUTES = (Public, ); }; };
		412A7669219742D6000F6054 /* MAURConfig.h in Headers */ = {isa = PBXBuildFile; fileRef = 41E82E6A1D5E351900F65575 /* MAURConfig.h */; settings = {ATTRIBUTES = (Public, ); }; };
		412A766A219742E6000F6054 /* MAURBackgroundTaskManager.h in Headers */ = {isa = PBXBuildFile; fileRef = 41E82E641D5E351900F65575 /* MAURBackgroundTaskManager.h */; settings = {ATTRIBUTES = (Public, ); }; };
		412A766B219742F3000F6054 /* MAURProviderDelegate.h in Headers */ = {isa = PBXBuildFile; fileRef = 41399A081D941BC7005D6B5D /* MAURProviderDelegate.h */; settings = {ATTRIBUTES = (Public, ); }; };
		412A766C219744D4000F6054 /* MAURActivity.h in Headers */ = {isa = PBXBuildFile; fileRef = 4185A96B1FE79635008515B4 /* MAURActivity.h */; settings = {ATTRIBUTES = (Public, ); }; };
		412A766D219744D4000F6054 /* MAURLocation.h in Headers */ = {isa = PBXBuildFile; fileRef = 41E82E721D5E351900F65575 /* MAURLocation.h */; settings = {ATTRIBUTES = (Public, ); }; };
		41369C252080F27800EB449C /* MAURLogReaderTest.m in Sources */ = {isa = PBXBuildFile; fileRef = 41369C242080F27800EB449C /* MAURLogReaderTest.m */; };
		414898381FB593E300323454 /* MAURSQLiteHelperTest.m in Sources */ = {isa = PBXBuildFile; fileRef = 414898311FB593E200323454 /* MAURSQLiteHelperTest.m */; };
		414898391FB593E300323454 /* MAURLocationUploaderTest.m in Sources */ = {isa = PBXBuildFile; fileRef = 414898321FB593E300323454 /* MAURLocationUploaderTest.m */; };
		4148983A1FB593E300323454 /* MAURSQLiteLocationDAOThreadTest.m in Sources */ = {isa = PBXBuildFile; fileRef = 414898331FB593E300323454 /* MAURSQLiteLocationDAOThreadTest.m */; };
		4148983B1FB593E300323454 /* MAURSQLiteLocationDAOTests.m in Sources */ = {isa = PBXBuildFile; fileRef = 414898341FB593E300323454 /* MAURSQLiteLocationDAOTests.m */; };
		4148983C1FB593E300323454 /* MAURGeolocationOpenHelperTest.m in Sources */ = {isa = PBXBuildFile; fileRef = 414898351FB593E300323454 /* MAURGeolocationOpenHelperTest.m */; };
		4148983D1FB593E300323454 /* MAURSQLiteOpenHelperTest.m in Sources */ = {isa = PBXBuildFile; fileRef = 414898361FB593E300323454 /* MAURSQLiteOpenHelperTest.m */; };
		4148983E1FB593E300323454 /* MAURBackgroundLocationTest.m in Sources */ = {isa = PBXBuildFile; fileRef = 414898371FB593E300323454 /* MAURBackgroundLocationTest.m */; };
		4152F1B82094F8EA00BFE338 /* MAURPostLocationTask.m in Sources */ = {isa = PBXBuildFile; fileRef = 4152F1B62094F8EA00BFE338 /* MAURPostLocationTask.m */; };
		4185A96C1FE79636008515B4 /* MAURActivity.m in Sources */ = {isa = PBXBuildFile; fileRef = 4185A96A1FE79635008515B4 /* MAURActivity.m */; };
		418E0B6E1FD84D6200E24CB0 /* MAURLocationTest.m in Sources */ = {isa = PBXBuildFile; fileRef = 418E0B6D1FD84D6200E24CB0 /* MAURLocationTest.m */; };
		41B1803B1FD1D8B200951D67 /* MAURSQLiteConfigurationDAOTest.m in Sources */ = {isa = PBXBuildFile; fileRef = 41B1803A1FD1D8B200951D67 /* MAURSQLiteConfigurationDAOTest.m */; };
		41B1803D1FD2952400951D67 /* MAURConfigTest.m in Sources */ = {isa = PBXBuildFile; fileRef = 41B1803C1FD2952400951D67 /* MAURConfigTest.m */; };
		41B180451FD2E05C00951D67 /* MAURGeolocationOpenHelper.m in Sources */ = {isa = PBXBuildFile; fileRef = 41E82E711D5E351900F65575 /* MAURGeolocationOpenHelper.m */; };
		41B180461FD2E05C00951D67 /* MAURConfigurationContract.m in Sources */ = {isa = PBXBuildFile; fileRef = 41B180351FD1B64F00951D67 /* MAURConfigurationContract.m */; };
		41B180471FD2E05C00951D67 /* MAURLocationContract.m in Sources */ = {isa = PBXBuildFile; fileRef = 41E82E751D5E351900F65575 /* MAURLocationContract.m */; };
		41B180481FD2E05C00951D67 /* MAURSQLiteHelper.m in Sources */ = {isa = PBXBuildFile; fileRef = 41E82E7F1D5E351900F65575 /* MAURSQLiteHelper.m */; };
		41B180491FD2E05C00951D67 /* MAURSQLiteOpenHelper.m in Sources */ = {isa = PBXBuildFile; fileRef = 41E82E831D5E351900F65575 /* MAURSQLiteOpenHelper.m */; };
		41B1804A1FD2E05C00951D67 /* MAURSQLiteLocationDAO.m in Sources */ = {isa = PBXBuildFile; fileRef = 41E82E811D5E351900F65575 /* MAURSQLiteLocationDAO.m */; };
		41B1804B1FD2E05C00951D67 /* MAURSQLiteConfigurationDAO.m in Sources */ = {isa = PBXBuildFile; fileRef = 41B180381FD1BD4600951D67 /* MAURSQLiteConfigurationDAO.m */; };
		41B1804C1FD2E05C00951D67 /* MAURAbstractLocationProvider.m in Sources */ = {isa = PBXBuildFile; fileRef = 41399A0A1D941BC7005D6B5D /* MAURAbstractLocationProvider.m */; };
		41B1804D1FD2E05C00951D67 /* MAURActivityLocationProvider.m in Sources */ = {isa = PBXBuildFile; fileRef = 41399A051D941BC7005D6B5D /* MAURActivityLocationProvider.m */; };
		41B1804E1FD2E05C00951D67 /* MAURDistanceFilterLocationProvider.m in Sources */ = {isa = PBXBuildFile; fileRef = 41399A071D941BC7005D6B5D /* MAURDistanceFilterLocationProvider.m */; };
		41B1804F1FD2E05C00951D67 /* MAURRawLocationProvider.m in Sources */ = {isa = PBXBuildFile; fileRef = 4198B21D1FB08A2B00DCC96D /* MAURRawLocationProvider.m */; };
		41B180501FD2E05C00951D67 /* MAURLogReader.m in Sources */ = {isa = PBXBuildFile; fileRef = 41E82E7B1D5E351900F65575 /* MAURLogReader.m */; };
		41B180521FD2E05C00951D67 /* FMDBLogger.m in Sources */ = {isa = PBXBuildFile; fileRef = 41E82E6F1D5E351900F65575 /* FMDBLogger.m */; };
		41B180551FD2E05C00951D67 /* MAURBackgroundTaskManager.m in Sources */ = {isa = PBXBuildFile; fileRef = 41E82E651D5E351900F65575 /* MAURBackgroundTaskManager.m */; };
		41B180561FD2E05C00951D67 /* MAURBackgroundSync.m in Sources */ = {isa = PBXBuildFile; fileRef = 41E82E791D5E351900F65575 /* MAURBackgroundSync.m */; };
		41B180581FD2E05C00951D67 /* MAURConfig.m in Sources */ = {isa = PBXBuildFile; fileRef = 41E82E6B1D5E351900F65575 /* MAURConfig.m */; };
		41B180591FD2E05C00951D67 /* MAURLocation.m in Sources */ = {isa = PBXBuildFile; fileRef = 41E82E731D5E351900F65575 /* MAURLocation.m */; };
		41B1805A1FD2E05C00951D67 /* MAURLocationManager.m in Sources */ = {isa = PBXBuildFile; fileRef = 4198B2201FB08D7700DCC96D /* MAURLocationManager.m */; };
		41B1805B1FD2E05C00951D67 /* MAURBackgroundGeolocationFacade.m in Sources */ = {isa = PBXBuildFile; fileRef = 41E82E771D5E351900F65575 /* MAURBackgroundGeolocationFacade.m */; };
		41BCFA421FE19B3000D4000E /* MAURMotionActivity.m in Sources */ = {isa = PBXBuildFile; fileRef = 41BCFA411FE19B3000D4000E /* MAURMotionActivity.m */; };
		41BCFA5A1FE19ED300D4000E /* MAURMotionDetector.m in Sources */ = {isa = PBXBuildFile; fileRef = 41BCFA511FE19ED300D4000E /* MAURMotionDetector.m */; };
		41C6EE34219870900018396F /* MAURActivity.h in Copy Files */ = {isa = PBXBuildFile; fileRef = 4185A96B1FE79635008515B4 /* MAURActivity.h */; };
		41C6EE6A2198AE480018396F /* libBackgroundGeolocation-Static.a in Frameworks */ = {isa = PBXBuildFile; fileRef = 418F75461D02DC3D0045FEA0 /* libBackgroundGeolocation-Static.a */; };
/* End PBXBuildFile section */

/* Begin PBXContainerItemProxy section */
		4148982C1FB593B900323454 /* PBXContainerItemProxy */ = {
			isa = PBXContainerItemProxy;
			containerPortal = 418F753E1D02DC3D0045FEA0 /* Project object */;
			proxyType = 1;
			remoteGlobalIDString = 418F75451D02DC3D0045FEA0;
			remoteInfo = RCTBackgroundGeolocation;
		};
/* End PBXContainerItemProxy section */

/* Begin PBXCopyFilesBuildPhase section */
		418F75441D02DC3D0045FEA0 /* Copy Files */ = {
			isa = PBXCopyFilesBuildPhase;
			buildActionMask = 2147483647;
			dstPath = "include/$(PRODUCT_NAME)";
			dstSubfolderSpec = 16;
			files = (
				41C6EE34219870900018396F /* MAURActivity.h in Copy Files */,
				412428D01FB5B43B00B21101 /* MAURBackgroundTaskManager.h in Copy Files */,
				412428CC1FB5B04300B21101 /* MAURConfig.h in Copy Files */,
				412428CA1FB5AE4B00B21101 /* MAURProviderDelegate.h in Copy Files */,
				412428C91FB5ADDA00B21101 /* MAURLocation.h in Copy Files */,
				412428C71FB5AD2B00B21101 /* MAURBackgroundGeolocationFacade.h in Copy Files */,
			);
			name = "Copy Files";
			runOnlyForDeploymentPostprocessing = 0;
		};
/* End PBXCopyFilesBuildPhase section */

/* Begin PBXFileReference section */
		412123D4207E9AD600D23929 /* MAURUncaughtExceptionLogger.h */ = {isa = PBXFileReference; lastKnownFileType = sourcecode.c.h; path = MAURUncaughtExceptionLogger.h; sourceTree = "<group>"; };
		412123D5207F582400D23929 /* MAURUncaughtExceptionLogger.m */ = {isa = PBXFileReference; lastKnownFileType = sourcecode.c.objc; path = MAURUncaughtExceptionLogger.m; sourceTree = "<group>"; };
		412428CD1FB5B15D00B21101 /* MAURLogging.h */ = {isa = PBXFileReference; lastKnownFileType = sourcecode.c.h; path = MAURLogging.h; sourceTree = "<group>"; };
		412A760F219736AB000F6054 /* BackgroundGeolocation.framework */ = {isa = PBXFileReference; explicitFileType = wrapper.framework; includeInIndex = 0; path = BackgroundGeolocation.framework; sourceTree = BUILT_PRODUCTS_DIR; };
		412A7611219736AB000F6054 /* BackgroundGeolocation.h */ = {isa = PBXFileReference; lastKnownFileType = sourcecode.c.h; path = BackgroundGeolocation.h; sourceTree = "<group>"; };
		412A7612219736AB000F6054 /* Info.plist */ = {isa = PBXFileReference; lastKnownFileType = text.plist.xml; path = Info.plist; sourceTree = "<group>"; };
		41369C242080F27800EB449C /* MAURLogReaderTest.m */ = {isa = PBXFileReference; fileEncoding = 4; lastKnownFileType = sourcecode.c.objc; path = MAURLogReaderTest.m; sourceTree = "<group>"; };
		41399A041D941BC7005D6B5D /* MAURActivityLocationProvider.h */ = {isa = PBXFileReference; fileEncoding = 4; lastKnownFileType = sourcecode.c.h; path = MAURActivityLocationProvider.h; sourceTree = "<group>"; };
		41399A051D941BC7005D6B5D /* MAURActivityLocationProvider.m */ = {isa = PBXFileReference; fileEncoding = 4; lastKnownFileType = sourcecode.c.objc; path = MAURActivityLocationProvider.m; sourceTree = "<group>"; };
		41399A061D941BC7005D6B5D /* MAURDistanceFilterLocationProvider.h */ = {isa = PBXFileReference; fileEncoding = 4; lastKnownFileType = sourcecode.c.h; path = MAURDistanceFilterLocationProvider.h; sourceTree = "<group>"; };
		41399A071D941BC7005D6B5D /* MAURDistanceFilterLocationProvider.m */ = {isa = PBXFileReference; fileEncoding = 4; lastKnownFileType = sourcecode.c.objc; path = MAURDistanceFilterLocationProvider.m; sourceTree = "<group>"; };
		41399A081D941BC7005D6B5D /* MAURProviderDelegate.h */ = {isa = PBXFileReference; fileEncoding = 4; lastKnownFileType = sourcecode.c.h; path = MAURProviderDelegate.h; sourceTree = "<group>"; };
		41399A091D941BC7005D6B5D /* MAURAbstractLocationProvider.h */ = {isa = PBXFileReference; fileEncoding = 4; lastKnownFileType = sourcecode.c.h; path = MAURAbstractLocationProvider.h; sourceTree = "<group>"; };
		41399A0A1D941BC7005D6B5D /* MAURAbstractLocationProvider.m */ = {isa = PBXFileReference; fileEncoding = 4; lastKnownFileType = sourcecode.c.objc; path = MAURAbstractLocationProvider.m; sourceTree = "<group>"; };
		414898261FB593B900323454 /* BackgroundGeolocationTests.xctest */ = {isa = PBXFileReference; explicitFileType = wrapper.cfbundle; includeInIndex = 0; path = BackgroundGeolocationTests.xctest; sourceTree = BUILT_PRODUCTS_DIR; };
		4148982A1FB593B900323454 /* Info.plist */ = {isa = PBXFileReference; lastKnownFileType = text.plist.xml; path = Info.plist; sourceTree = "<group>"; };
		414898311FB593E200323454 /* MAURSQLiteHelperTest.m */ = {isa = PBXFileReference; fileEncoding = 4; lastKnownFileType = sourcecode.c.objc; path = MAURSQLiteHelperTest.m; sourceTree = "<group>"; };
		414898321FB593E300323454 /* MAURLocationUploaderTest.m */ = {isa = PBXFileReference; fileEncoding = 4; lastKnownFileType = sourcecode.c.objc; path = MAURLocationUploaderTest.m; sourceTree = "<group>"; };
		414898331FB593E300323454 /* MAURSQLiteLocationDAOThreadTest.m */ = {isa = PBXFileReference; fileEncoding = 4; lastKnownFileType = sourcecode.c.objc; path = MAURSQLiteLocationDAOThreadTest.m; sourceTree = "<group>"; };
		414898341FB593E300323454 /* MAURSQLiteLocationDAOTests.m */ = {isa = PBXFileReference; fileEncoding = 4; lastKnownFileType = sourcecode.c.objc; path = MAURSQLiteLocationDAOTests.m; sourceTree = "<group>"; };
		414898351FB593E300323454 /* MAURGeolocationOpenHelperTest.m */ = {isa = PBXFileReference; fileEncoding = 4; lastKnownFileType = sourcecode.c.objc; path = MAURGeolocationOpenHelperTest.m; sourceTree = "<group>"; };
		414898361FB593E300323454 /* MAURSQLiteOpenHelperTest.m */ = {isa = PBXFileReference; fileEncoding = 4; lastKnownFileType = sourcecode.c.objc; path = MAURSQLiteOpenHelperTest.m; sourceTree = "<group>"; };
		414898371FB593E300323454 /* MAURBackgroundLocationTest.m */ = {isa = PBXFileReference; fileEncoding = 4; lastKnownFileType = sourcecode.c.objc; path = MAURBackgroundLocationTest.m; sourceTree = "<group>"; };
		4152F1B62094F8EA00BFE338 /* MAURPostLocationTask.m */ = {isa = PBXFileReference; fileEncoding = 4; lastKnownFileType = sourcecode.c.objc; path = MAURPostLocationTask.m; sourceTree = "<group>"; };
		4152F1B72094F8EA00BFE338 /* MAURPostLocationTask.h */ = {isa = PBXFileReference; fileEncoding = 4; lastKnownFileType = sourcecode.c.h; path = MAURPostLocationTask.h; sourceTree = "<group>"; };
		4185A96A1FE79635008515B4 /* MAURActivity.m */ = {isa = PBXFileReference; fileEncoding = 4; lastKnownFileType = sourcecode.c.objc; path = MAURActivity.m; sourceTree = "<group>"; };
		4185A96B1FE79635008515B4 /* MAURActivity.h */ = {isa = PBXFileReference; fileEncoding = 4; lastKnownFileType = sourcecode.c.h; path = MAURActivity.h; sourceTree = "<group>"; };
		418E0B6D1FD84D6200E24CB0 /* MAURLocationTest.m */ = {isa = PBXFileReference; lastKnownFileType = sourcecode.c.objc; path = MAURLocationTest.m; sourceTree = "<group>"; };
		418F75461D02DC3D0045FEA0 /* libBackgroundGeolocation-Static.a */ = {isa = PBXFileReference; explicitFileType = archive.ar; includeInIndex = 0; path = "libBackgroundGeolocation-Static.a"; sourceTree = BUILT_PRODUCTS_DIR; };
		4198B21C1FB089C900DCC96D /* MAURRawLocationProvider.h */ = {isa = PBXFileReference; lastKnownFileType = sourcecode.c.h; path = MAURRawLocationProvider.h; sourceTree = "<group>"; };
		4198B21D1FB08A2B00DCC96D /* MAURRawLocationProvider.m */ = {isa = PBXFileReference; lastKnownFileType = sourcecode.c.objc; path = MAURRawLocationProvider.m; sourceTree = "<group>"; };
		4198B21F1FB08D7700DCC96D /* MAURLocationManager.h */ = {isa = PBXFileReference; fileEncoding = 4; lastKnownFileType = sourcecode.c.h; path = MAURLocationManager.h; sourceTree = "<group>"; };
		4198B2201FB08D7700DCC96D /* MAURLocationManager.m */ = {isa = PBXFileReference; fileEncoding = 4; lastKnownFileType = sourcecode.c.objc; path = MAURLocationManager.m; sourceTree = "<group>"; };
		41B180341FD1B4EB00951D67 /* MAURConfigurationContract.h */ = {isa = PBXFileReference; lastKnownFileType = sourcecode.c.h; path = MAURConfigurationContract.h; sourceTree = "<group>"; };
		41B180351FD1B64F00951D67 /* MAURConfigurationContract.m */ = {isa = PBXFileReference; lastKnownFileType = sourcecode.c.objc; path = MAURConfigurationContract.m; sourceTree = "<group>"; };
		41B180371FD1BD1300951D67 /* MAURSQLiteConfigurationDAO.h */ = {isa = PBXFileReference; lastKnownFileType = sourcecode.c.h; path = MAURSQLiteConfigurationDAO.h; sourceTree = "<group>"; };
		41B180381FD1BD4600951D67 /* MAURSQLiteConfigurationDAO.m */ = {isa = PBXFileReference; lastKnownFileType = sourcecode.c.objc; path = MAURSQLiteConfigurationDAO.m; sourceTree = "<group>"; };
		41B1803A1FD1D8B200951D67 /* MAURSQLiteConfigurationDAOTest.m */ = {isa = PBXFileReference; lastKnownFileType = sourcecode.c.objc; path = MAURSQLiteConfigurationDAOTest.m; sourceTree = "<group>"; };
		41B1803C1FD2952400951D67 /* MAURConfigTest.m */ = {isa = PBXFileReference; lastKnownFileType = sourcecode.c.objc; path = MAURConfigTest.m; sourceTree = "<group>"; };
		41BCFA401FE1991800D4000E /* MAURMotionActivity.h */ = {isa = PBXFileReference; lastKnownFileType = sourcecode.c.h; path = MAURMotionActivity.h; sourceTree = "<group>"; };
		41BCFA411FE19B3000D4000E /* MAURMotionActivity.m */ = {isa = PBXFileReference; lastKnownFileType = sourcecode.c.objc; path = MAURMotionActivity.m; sourceTree = "<group>"; };
		41BCFA511FE19ED300D4000E /* MAURMotionDetector.m */ = {isa = PBXFileReference; fileEncoding = 4; lastKnownFileType = sourcecode.c.objc; path = MAURMotionDetector.m; sourceTree = "<group>"; };
		41BCFA571FE19ED300D4000E /* MAURMotionDetector.h */ = {isa = PBXFileReference; fileEncoding = 4; lastKnownFileType = sourcecode.c.h; path = MAURMotionDetector.h; sourceTree = "<group>"; };
		41E82E641D5E351900F65575 /* MAURBackgroundTaskManager.h */ = {isa = PBXFileReference; fileEncoding = 4; lastKnownFileType = sourcecode.c.h; path = MAURBackgroundTaskManager.h; sourceTree = "<group>"; };
		41E82E651D5E351900F65575 /* MAURBackgroundTaskManager.m */ = {isa = PBXFileReference; fileEncoding = 4; lastKnownFileType = sourcecode.c.objc; path = MAURBackgroundTaskManager.m; sourceTree = "<group>"; };
		41E82E6A1D5E351900F65575 /* MAURConfig.h */ = {isa = PBXFileReference; fileEncoding = 4; lastKnownFileType = sourcecode.c.h; path = MAURConfig.h; sourceTree = "<group>"; };
		41E82E6B1D5E351900F65575 /* MAURConfig.m */ = {isa = PBXFileReference; fileEncoding = 4; lastKnownFileType = sourcecode.c.objc; path = MAURConfig.m; sourceTree = "<group>"; };
		41E82E6E1D5E351900F65575 /* FMDBLogger.h */ = {isa = PBXFileReference; fileEncoding = 4; lastKnownFileType = sourcecode.c.h; path = FMDBLogger.h; sourceTree = "<group>"; };
		41E82E6F1D5E351900F65575 /* FMDBLogger.m */ = {isa = PBXFileReference; fileEncoding = 4; lastKnownFileType = sourcecode.c.objc; path = FMDBLogger.m; sourceTree = "<group>"; };
		41E82E701D5E351900F65575 /* MAURGeolocationOpenHelper.h */ = {isa = PBXFileReference; fileEncoding = 4; lastKnownFileType = sourcecode.c.h; path = MAURGeolocationOpenHelper.h; sourceTree = "<group>"; };
		41E82E711D5E351900F65575 /* MAURGeolocationOpenHelper.m */ = {isa = PBXFileReference; fileEncoding = 4; lastKnownFileType = sourcecode.c.objc; path = MAURGeolocationOpenHelper.m; sourceTree = "<group>"; };
		41E82E721D5E351900F65575 /* MAURLocation.h */ = {isa = PBXFileReference; fileEncoding = 4; lastKnownFileType = sourcecode.c.h; path = MAURLocation.h; sourceTree = "<group>"; };
		41E82E731D5E351900F65575 /* MAURLocation.m */ = {isa = PBXFileReference; fileEncoding = 4; lastKnownFileType = sourcecode.c.objc; path = MAURLocation.m; sourceTree = "<group>"; };
		41E82E741D5E351900F65575 /* MAURLocationContract.h */ = {isa = PBXFileReference; fileEncoding = 4; lastKnownFileType = sourcecode.c.h; path = MAURLocationContract.h; sourceTree = "<group>"; };
		41E82E751D5E351900F65575 /* MAURLocationContract.m */ = {isa = PBXFileReference; fileEncoding = 4; lastKnownFileType = sourcecode.c.objc; path = MAURLocationContract.m; sourceTree = "<group>"; };
		41E82E761D5E351900F65575 /* MAURBackgroundGeolocationFacade.h */ = {isa = PBXFileReference; fileEncoding = 4; lastKnownFileType = sourcecode.c.h; path = MAURBackgroundGeolocationFacade.h; sourceTree = "<group>"; };
		41E82E771D5E351900F65575 /* MAURBackgroundGeolocationFacade.m */ = {isa = PBXFileReference; fileEncoding = 4; lastKnownFileType = sourcecode.c.objc; path = MAURBackgroundGeolocationFacade.m; sourceTree = "<group>"; };
		41E82E781D5E351900F65575 /* MAURBackgroundSync.h */ = {isa = PBXFileReference; fileEncoding = 4; lastKnownFileType = sourcecode.c.h; path = MAURBackgroundSync.h; sourceTree = "<group>"; };
		41E82E791D5E351900F65575 /* MAURBackgroundSync.m */ = {isa = PBXFileReference; fileEncoding = 4; lastKnownFileType = sourcecode.c.objc; path = MAURBackgroundSync.m; sourceTree = "<group>"; };
		41E82E7A1D5E351900F65575 /* MAURLogReader.h */ = {isa = PBXFileReference; fileEncoding = 4; lastKnownFileType = sourcecode.c.h; path = MAURLogReader.h; sourceTree = "<group>"; };
		41E82E7B1D5E351900F65575 /* MAURLogReader.m */ = {isa = PBXFileReference; fileEncoding = 4; lastKnownFileType = sourcecode.c.objc; path = MAURLogReader.m; sourceTree = "<group>"; };
		41E82E7E1D5E351900F65575 /* MAURSQLiteHelper.h */ = {isa = PBXFileReference; fileEncoding = 4; lastKnownFileType = sourcecode.c.h; path = MAURSQLiteHelper.h; sourceTree = "<group>"; };
		41E82E7F1D5E351900F65575 /* MAURSQLiteHelper.m */ = {isa = PBXFileReference; fileEncoding = 4; lastKnownFileType = sourcecode.c.objc; path = MAURSQLiteHelper.m; sourceTree = "<group>"; };
		41E82E801D5E351900F65575 /* MAURSQLiteLocationDAO.h */ = {isa = PBXFileReference; fileEncoding = 4; lastKnownFileType = sourcecode.c.h; path = MAURSQLiteLocationDAO.h; sourceTree = "<group>"; };
		41E82E811D5E351900F65575 /* MAURSQLiteLocationDAO.m */ = {isa = PBXFileReference; fileEncoding = 4; lastKnownFileType = sourcecode.c.objc; path = MAURSQLiteLocationDAO.m; sourceTree = "<group>"; };
		41E82E821D5E351900F65575 /* MAURSQLiteOpenHelper.h */ = {isa = PBXFileReference; fileEncoding = 4; lastKnownFileType = sourcecode.c.h; path = MAURSQLiteOpenHelper.h; sourceTree = "<group>"; };
		41E82E831D5E351900F65575 /* MAURSQLiteOpenHelper.m */ = {isa = PBXFileReference; fileEncoding = 4; lastKnownFileType = sourcecode.c.objc; path = MAURSQLiteOpenHelper.m; sourceTree = "<group>"; };
/* End PBXFileReference section */

/* Begin PBXFrameworksBuildPhase section */
		412A760C219736AB000F6054 /* Frameworks */ = {
			isa = PBXFrameworksBuildPhase;
			buildActionMask = 2147483647;
			files = (
			);
			runOnlyForDeploymentPostprocessing = 0;
		};
		414898231FB593B900323454 /* Frameworks */ = {
			isa = PBXFrameworksBuildPhase;
			buildActionMask = 2147483647;
			files = (
				41C6EE6A2198AE480018396F /* libBackgroundGeolocation-Static.a in Frameworks */,
			);
			runOnlyForDeploymentPostprocessing = 0;
		};
		418F75431D02DC3D0045FEA0 /* Frameworks */ = {
			isa = PBXFrameworksBuildPhase;
			buildActionMask = 2147483647;
			files = (
			);
			runOnlyForDeploymentPostprocessing = 0;
		};
/* End PBXFrameworksBuildPhase section */

/* Begin PBXGroup section */
		412A7610219736AB000F6054 /* BackgroundGeolocation */ = {
			isa = PBXGroup;
			children = (
				412A7611219736AB000F6054 /* BackgroundGeolocation.h */,
				412A7612219736AB000F6054 /* Info.plist */,
			);
			path = BackgroundGeolocation;
			sourceTree = "<group>";
		};
		413152A5219618C100D1BB05 /* Frameworks */ = {
			isa = PBXGroup;
			children = (
			);
			name = Frameworks;
			sourceTree = "<group>";
		};
		414898271FB593B900323454 /* BackgroundGeolocationTests */ = {
			isa = PBXGroup;
			children = (
				41369C242080F27800EB449C /* MAURLogReaderTest.m */,
				41B1803C1FD2952400951D67 /* MAURConfigTest.m */,
				418E0B6D1FD84D6200E24CB0 /* MAURLocationTest.m */,
				414898371FB593E300323454 /* MAURBackgroundLocationTest.m */,
				414898351FB593E300323454 /* MAURGeolocationOpenHelperTest.m */,
				414898321FB593E300323454 /* MAURLocationUploaderTest.m */,
				414898311FB593E200323454 /* MAURSQLiteHelperTest.m */,
				414898341FB593E300323454 /* MAURSQLiteLocationDAOTests.m */,
				414898331FB593E300323454 /* MAURSQLiteLocationDAOThreadTest.m */,
				41B1803A1FD1D8B200951D67 /* MAURSQLiteConfigurationDAOTest.m */,
				414898361FB593E300323454 /* MAURSQLiteOpenHelperTest.m */,
				4148982A1FB593B900323454 /* Info.plist */,
			);
			path = BackgroundGeolocationTests;
			sourceTree = "<group>";
		};
		418F753D1D02DC3D0045FEA0 = {
			isa = PBXGroup;
			children = (
				418F75481D02DC3D0045FEA0 /* BackgroundGeolocation */,
				414898271FB593B900323454 /* BackgroundGeolocationTests */,
				412A7610219736AB000F6054 /* BackgroundGeolocation */,
				418F75471D02DC3D0045FEA0 /* Products */,
				413152A5219618C100D1BB05 /* Frameworks */,
			);
			sourceTree = "<group>";
		};
		418F75471D02DC3D0045FEA0 /* Products */ = {
			isa = PBXGroup;
			children = (
				418F75461D02DC3D0045FEA0 /* libBackgroundGeolocation-Static.a */,
				414898261FB593B900323454 /* BackgroundGeolocationTests.xctest */,
				412A760F219736AB000F6054 /* BackgroundGeolocation.framework */,
			);
			name = Products;
			sourceTree = "<group>";
		};
		418F75481D02DC3D0045FEA0 /* BackgroundGeolocation */ = {
			isa = PBXGroup;
			children = (
				41BCFA501FE19ED300D4000E /* MotionDetector */,
				41FE81251FB114F100E4FC65 /* SQLite */,
				41FE81241FB114C900E4FC65 /* Providers */,
				4198B26F1FB0FA0C00DCC96D /* Logger */,
				41E82E641D5E351900F65575 /* MAURBackgroundTaskManager.h */,
				41E82E651D5E351900F65575 /* MAURBackgroundTaskManager.m */,
				41E82E781D5E351900F65575 /* MAURBackgroundSync.h */,
				41E82E791D5E351900F65575 /* MAURBackgroundSync.m */,
				41E82E6A1D5E351900F65575 /* MAURConfig.h */,
				41E82E6B1D5E351900F65575 /* MAURConfig.m */,
				4185A96B1FE79635008515B4 /* MAURActivity.h */,
				4185A96A1FE79635008515B4 /* MAURActivity.m */,
				41E82E721D5E351900F65575 /* MAURLocation.h */,
				41E82E731D5E351900F65575 /* MAURLocation.m */,
				4198B21F1FB08D7700DCC96D /* MAURLocationManager.h */,
				4198B2201FB08D7700DCC96D /* MAURLocationManager.m */,
				4152F1B72094F8EA00BFE338 /* MAURPostLocationTask.h */,
				4152F1B62094F8EA00BFE338 /* MAURPostLocationTask.m */,
				41E82E761D5E351900F65575 /* MAURBackgroundGeolocationFacade.h */,
				41E82E771D5E351900F65575 /* MAURBackgroundGeolocationFacade.m */,
			);
			path = BackgroundGeolocation;
			sourceTree = "<group>";
		};
		4198B26F1FB0FA0C00DCC96D /* Logger */ = {
			isa = PBXGroup;
			children = (
				412428CD1FB5B15D00B21101 /* MAURLogging.h */,
				41E82E7A1D5E351900F65575 /* MAURLogReader.h */,
				41E82E7B1D5E351900F65575 /* MAURLogReader.m */,
				41E82E6E1D5E351900F65575 /* FMDBLogger.h */,
				41E82E6F1D5E351900F65575 /* FMDBLogger.m */,
				412123D4207E9AD600D23929 /* MAURUncaughtExceptionLogger.h */,
				412123D5207F582400D23929 /* MAURUncaughtExceptionLogger.m */,
			);
			name = Logger;
			sourceTree = "<group>";
		};
		41BCFA501FE19ED300D4000E /* MotionDetector */ = {
			isa = PBXGroup;
			children = (
				41BCFA401FE1991800D4000E /* MAURMotionActivity.h */,
				41BCFA411FE19B3000D4000E /* MAURMotionActivity.m */,
				41BCFA571FE19ED300D4000E /* MAURMotionDetector.h */,
				41BCFA511FE19ED300D4000E /* MAURMotionDetector.m */,
			);
			path = MotionDetector;
			sourceTree = "<group>";
		};
		41FE81241FB114C900E4FC65 /* Providers */ = {
			isa = PBXGroup;
			children = (
				41399A081D941BC7005D6B5D /* MAURProviderDelegate.h */,
				41399A091D941BC7005D6B5D /* MAURAbstractLocationProvider.h */,
				41399A0A1D941BC7005D6B5D /* MAURAbstractLocationProvider.m */,
				41399A041D941BC7005D6B5D /* MAURActivityLocationProvider.h */,
				41399A051D941BC7005D6B5D /* MAURActivityLocationProvider.m */,
				41399A061D941BC7005D6B5D /* MAURDistanceFilterLocationProvider.h */,
				41399A071D941BC7005D6B5D /* MAURDistanceFilterLocationProvider.m */,
				4198B21C1FB089C900DCC96D /* MAURRawLocationProvider.h */,
				4198B21D1FB08A2B00DCC96D /* MAURRawLocationProvider.m */,
			);
			name = Providers;
			sourceTree = "<group>";
		};
		41FE81251FB114F100E4FC65 /* SQLite */ = {
			isa = PBXGroup;
			children = (
				41E82E701D5E351900F65575 /* MAURGeolocationOpenHelper.h */,
				41E82E711D5E351900F65575 /* MAURGeolocationOpenHelper.m */,
				41B180341FD1B4EB00951D67 /* MAURConfigurationContract.h */,
				41B180351FD1B64F00951D67 /* MAURConfigurationContract.m */,
				41E82E741D5E351900F65575 /* MAURLocationContract.h */,
				41E82E751D5E351900F65575 /* MAURLocationContract.m */,
				41E82E7E1D5E351900F65575 /* MAURSQLiteHelper.h */,
				41E82E7F1D5E351900F65575 /* MAURSQLiteHelper.m */,
				41E82E821D5E351900F65575 /* MAURSQLiteOpenHelper.h */,
				41E82E831D5E351900F65575 /* MAURSQLiteOpenHelper.m */,
				41E82E801D5E351900F65575 /* MAURSQLiteLocationDAO.h */,
				41E82E811D5E351900F65575 /* MAURSQLiteLocationDAO.m */,
				41B180371FD1BD1300951D67 /* MAURSQLiteConfigurationDAO.h */,
				41B180381FD1BD4600951D67 /* MAURSQLiteConfigurationDAO.m */,
			);
			name = SQLite;
			sourceTree = "<group>";
		};
/* End PBXGroup section */

/* Begin PBXHeadersBuildPhase section */
		412A760A219736AB000F6054 /* Headers */ = {
			isa = PBXHeadersBuildPhase;
			buildActionMask = 2147483647;
			files = (
				412A7613219736AB000F6054 /* BackgroundGeolocation.h in Headers */,
				412A7668219742C4000F6054 /* MAURBackgroundGeolocationFacade.h in Headers */,
				412A766A219742E6000F6054 /* MAURBackgroundTaskManager.h in Headers */,
				412A766B219742F3000F6054 /* MAURProviderDelegate.h in Headers */,
				412A7669219742D6000F6054 /* MAURConfig.h in Headers */,
				412A766C219744D4000F6054 /* MAURActivity.h in Headers */,
				412A766D219744D4000F6054 /* MAURLocation.h in Headers */,
			);
			runOnlyForDeploymentPostprocessing = 0;
		};
/* End PBXHeadersBuildPhase section */

/* Begin PBXNativeTarget section */
		412A760E219736AB000F6054 /* BackgroundGeolocation */ = {
			isa = PBXNativeTarget;
			buildConfigurationList = 412A7614219736AB000F6054 /* Build configuration list for PBXNativeTarget "BackgroundGeolocation" */;
			buildPhases = (
				412A760A219736AB000F6054 /* Headers */,
				412A760B219736AB000F6054 /* Sources */,
				412A760C219736AB000F6054 /* Frameworks */,
				412A760D219736AB000F6054 /* Resources */,
			);
			buildRules = (
			);
			dependencies = (
			);
			name = BackgroundGeolocation;
			productName = BackgroundGeolocation;
			productReference = 412A760F219736AB000F6054 /* BackgroundGeolocation.framework */;
			productType = "com.apple.product-type.framework";
		};
		414898251FB593B900323454 /* BackgroundGeolocationTests */ = {
			isa = PBXNativeTarget;
			buildConfigurationList = 414898301FB593B900323454 /* Build configuration list for PBXNativeTarget "BackgroundGeolocationTests" */;
			buildPhases = (
				414898221FB593B900323454 /* Sources */,
				414898231FB593B900323454 /* Frameworks */,
				414898241FB593B900323454 /* Resources */,
				41C6EE6B2198AE6F0018396F /* ShellScript */,
			);
			buildRules = (
			);
			dependencies = (
				4148982D1FB593B900323454 /* PBXTargetDependency */,
			);
			name = BackgroundGeolocationTests;
			productName = RCTBackgroundGeolocationTests;
			productReference = 414898261FB593B900323454 /* BackgroundGeolocationTests.xctest */;
			productType = "com.apple.product-type.bundle.unit-test";
		};
		418F75451D02DC3D0045FEA0 /* BackgroundGeolocation-Static */ = {
			isa = PBXNativeTarget;
			buildConfigurationList = 418F754F1D02DC3D0045FEA0 /* Build configuration list for PBXNativeTarget "BackgroundGeolocation-Static" */;
			buildPhases = (
				418F75421D02DC3D0045FEA0 /* Sources */,
				418F75431D02DC3D0045FEA0 /* Frameworks */,
				418F75441D02DC3D0045FEA0 /* Copy Files */,
			);
			buildRules = (
			);
			dependencies = (
			);
			name = "BackgroundGeolocation-Static";
			productName = RCTBackgroundGeolocation;
			productReference = 418F75461D02DC3D0045FEA0 /* libBackgroundGeolocation-Static.a */;
			productType = "com.apple.product-type.library.static";
		};
/* End PBXNativeTarget section */

/* Begin PBXProject section */
		418F753E1D02DC3D0045FEA0 /* Project object */ = {
			isa = PBXProject;
			attributes = {
				LastUpgradeCheck = 0730;
				ORGANIZATIONNAME = mauron85;
				TargetAttributes = {
					412A760E219736AB000F6054 = {
						CreatedOnToolsVersion = 10.1;
						ProvisioningStyle = Automatic;
					};
					414898251FB593B900323454 = {
						CreatedOnToolsVersion = 9.0;
						ProvisioningStyle = Automatic;
					};
					418F75451D02DC3D0045FEA0 = {
						CreatedOnToolsVersion = 7.3.1;
					};
				};
			};
			buildConfigurationList = 418F75411D02DC3D0045FEA0 /* Build configuration list for PBXProject "BackgroundGeolocation" */;
			compatibilityVersion = "Xcode 3.2";
			developmentRegion = English;
			hasScannedForEncodings = 0;
			knownRegions = (
				en,
			);
			mainGroup = 418F753D1D02DC3D0045FEA0;
			productRefGroup = 418F75471D02DC3D0045FEA0 /* Products */;
			projectDirPath = "";
			projectRoot = "";
			targets = (
				418F75451D02DC3D0045FEA0 /* BackgroundGeolocation-Static */,
				414898251FB593B900323454 /* BackgroundGeolocationTests */,
				412A760E219736AB000F6054 /* BackgroundGeolocation */,
			);
		};
/* End PBXProject section */

/* Begin PBXResourcesBuildPhase section */
		412A760D219736AB000F6054 /* Resources */ = {
			isa = PBXResourcesBuildPhase;
			buildActionMask = 2147483647;
			files = (
			);
			runOnlyForDeploymentPostprocessing = 0;
		};
		414898241FB593B900323454 /* Resources */ = {
			isa = PBXResourcesBuildPhase;
			buildActionMask = 2147483647;
			files = (
			);
			runOnlyForDeploymentPostprocessing = 0;
		};
/* End PBXResourcesBuildPhase section */

/* Begin PBXShellScriptBuildPhase section */
		41C6EE6B2198AE6F0018396F /* ShellScript */ = {
			isa = PBXShellScriptBuildPhase;
			buildActionMask = 2147483647;
			files = (
			);
			inputFileListPaths = (
			);
			inputPaths = (
				"$(SRCROOT)/Carthage/Build/iOS/FMDB.framework",
				"$(SRCROOT)/Carthage/Build/iOS/ZIMSqlQueryBuilder.framework",
				"$(SRCROOT)/Carthage/Build/iOS/CocoaLumberjack.framework",
			);
			outputFileListPaths = (
			);
			outputPaths = (
				"$(BUILT_PRODUCTS_DIR)/$(FRAMEWORKS_FOLDER_PATH)/FMDB.framework",
				"$(BUILT_PRODUCTS_DIR)/$(FRAMEWORKS_FOLDER_PATH)/ZIMSqlQueryBuilder.framework",
				"$(BUILT_PRODUCTS_DIR)/$(FRAMEWORKS_FOLDER_PATH)/CocoaLumberjack.framework",
			);
			runOnlyForDeploymentPostprocessing = 0;
			shellPath = /bin/sh;
			shellScript = "/usr/local/bin/carthage copy-frameworks\n";
		};
/* End PBXShellScriptBuildPhase section */

/* Begin PBXSourcesBuildPhase section */
		412A760B219736AB000F6054 /* Sources */ = {
			isa = PBXSourcesBuildPhase;
			buildActionMask = 2147483647;
			files = (
				412A764621973865000F6054 /* MAURMotionActivity.m in Sources */,
				412A764721973865000F6054 /* MAURMotionDetector.m in Sources */,
				412A764A21973865000F6054 /* MAURGeolocationOpenHelper.m in Sources */,
				412A764B21973865000F6054 /* MAURConfigurationContract.m in Sources */,
				412A764C21973865000F6054 /* MAURLocationContract.m in Sources */,
				412A764D21973865000F6054 /* MAURSQLiteHelper.m in Sources */,
				412A764E21973865000F6054 /* MAURSQLiteOpenHelper.m in Sources */,
				412A764F21973865000F6054 /* MAURSQLiteLocationDAO.m in Sources */,
				412A765021973865000F6054 /* MAURSQLiteConfigurationDAO.m in Sources */,
				412A765121973865000F6054 /* MAURAbstractLocationProvider.m in Sources */,
				412A765221973865000F6054 /* MAURActivityLocationProvider.m in Sources */,
				412A765321973865000F6054 /* MAURDistanceFilterLocationProvider.m in Sources */,
				412A765421973865000F6054 /* MAURRawLocationProvider.m in Sources */,
				412A765521973865000F6054 /* MAURLogReader.m in Sources */,
				412A765621973865000F6054 /* FMDBLogger.m in Sources */,
				412A765721973865000F6054 /* MAURUncaughtExceptionLogger.m in Sources */,
				412A765921973865000F6054 /* MAURBackgroundTaskManager.m in Sources */,
				412A765A21973865000F6054 /* MAURBackgroundSync.m in Sources */,
				412A765C21973865000F6054 /* MAURConfig.m in Sources */,
				412A765D21973865000F6054 /* MAURActivity.m in Sources */,
				412A765E21973865000F6054 /* MAURLocation.m in Sources */,
				412A765F21973865000F6054 /* MAURLocationManager.m in Sources */,
				412A766021973865000F6054 /* MAURPostLocationTask.m in Sources */,
				412A766121973865000F6054 /* MAURBackgroundGeolocationFacade.m in Sources */,
			);
			runOnlyForDeploymentPostprocessing = 0;
		};
		414898221FB593B900323454 /* Sources */ = {
			isa = PBXSourcesBuildPhase;
			buildActionMask = 2147483647;
			files = (
				41369C252080F27800EB449C /* MAURLogReaderTest.m in Sources */,
				4148983E1FB593E300323454 /* MAURBackgroundLocationTest.m in Sources */,
				41B1803B1FD1D8B200951D67 /* MAURSQLiteConfigurationDAOTest.m in Sources */,
				418E0B6E1FD84D6200E24CB0 /* MAURLocationTest.m in Sources */,
				4148983C1FB593E300323454 /* MAURGeolocationOpenHelperTest.m in Sources */,
				414898391FB593E300323454 /* MAURLocationUploaderTest.m in Sources */,
				41B1803D1FD2952400951D67 /* MAURConfigTest.m in Sources */,
				414898381FB593E300323454 /* MAURSQLiteHelperTest.m in Sources */,
				4148983B1FB593E300323454 /* MAURSQLiteLocationDAOTests.m in Sources */,
				4148983D1FB593E300323454 /* MAURSQLiteOpenHelperTest.m in Sources */,
				4148983A1FB593E300323454 /* MAURSQLiteLocationDAOThreadTest.m in Sources */,
			);
			runOnlyForDeploymentPostprocessing = 0;
		};
		418F75421D02DC3D0045FEA0 /* Sources */ = {
			isa = PBXSourcesBuildPhase;
			buildActionMask = 2147483647;
			files = (
				41B180451FD2E05C00951D67 /* MAURGeolocationOpenHelper.m in Sources */,
				41B180461FD2E05C00951D67 /* MAURConfigurationContract.m in Sources */,
				41B180471FD2E05C00951D67 /* MAURLocationContract.m in Sources */,
				41B180481FD2E05C00951D67 /* MAURSQLiteHelper.m in Sources */,
				41B180491FD2E05C00951D67 /* MAURSQLiteOpenHelper.m in Sources */,
				41B1804A1FD2E05C00951D67 /* MAURSQLiteLocationDAO.m in Sources */,
				41B1804B1FD2E05C00951D67 /* MAURSQLiteConfigurationDAO.m in Sources */,
				41B1804C1FD2E05C00951D67 /* MAURAbstractLocationProvider.m in Sources */,
				41B1804D1FD2E05C00951D67 /* MAURActivityLocationProvider.m in Sources */,
				412123D6207F582400D23929 /* MAURUncaughtExceptionLogger.m in Sources */,
				41B1804E1FD2E05C00951D67 /* MAURDistanceFilterLocationProvider.m in Sources */,
				41B1804F1FD2E05C00951D67 /* MAURRawLocationProvider.m in Sources */,
				41B180501FD2E05C00951D67 /* MAURLogReader.m in Sources */,
				41B180521FD2E05C00951D67 /* FMDBLogger.m in Sources */,
				41BCFA421FE19B3000D4000E /* MAURMotionActivity.m in Sources */,
				41B180551FD2E05C00951D67 /* MAURBackgroundTaskManager.m in Sources */,
				41B180561FD2E05C00951D67 /* MAURBackgroundSync.m in Sources */,
				4185A96C1FE79636008515B4 /* MAURActivity.m in Sources */,
				4152F1B82094F8EA00BFE338 /* MAURPostLocationTask.m in Sources */,
				41B180581FD2E05C00951D67 /* MAURConfig.m in Sources */,
				41B180591FD2E05C00951D67 /* MAURLocation.m in Sources */,
				41B1805A1FD2E05C00951D67 /* MAURLocationManager.m in Sources */,
				41B1805B1FD2E05C00951D67 /* MAURBackgroundGeolocationFacade.m in Sources */,
				41BCFA5A1FE19ED300D4000E /* MAURMotionDetector.m in Sources */,
			);
			runOnlyForDeploymentPostprocessing = 0;
		};
/* End PBXSourcesBuildPhase section */

/* Begin PBXTargetDependency section */
		4148982D1FB593B900323454 /* PBXTargetDependency */ = {
			isa = PBXTargetDependency;
			target = 418F75451D02DC3D0045FEA0 /* BackgroundGeolocation-Static */;
			targetProxy = 4148982C1FB593B900323454 /* PBXContainerItemProxy */;
		};
/* End PBXTargetDependency section */

/* Begin XCBuildConfiguration section */
		412A7615219736AB000F6054 /* Debug */ = {
			isa = XCBuildConfiguration;
			buildSettings = {
				CLANG_ANALYZER_NUMBER_OBJECT_CONVERSION = YES_AGGRESSIVE;
				CLANG_CXX_LANGUAGE_STANDARD = "gnu++14";
				CLANG_ENABLE_OBJC_WEAK = YES;
				CLANG_WARN_BLOCK_CAPTURE_AUTORELEASING = YES;
				CLANG_WARN_COMMA = YES;
				CLANG_WARN_DEPRECATED_OBJC_IMPLEMENTATIONS = YES;
				CLANG_WARN_DOCUMENTATION_COMMENTS = YES;
				CLANG_WARN_INFINITE_RECURSION = YES;
				CLANG_WARN_NON_LITERAL_NULL_CONVERSION = YES;
				CLANG_WARN_OBJC_IMPLICIT_RETAIN_SELF = YES;
				CLANG_WARN_OBJC_LITERAL_CONVERSION = YES;
				CLANG_WARN_RANGE_LOOP_ANALYSIS = YES;
				CLANG_WARN_STRICT_PROTOTYPES = YES;
				CLANG_WARN_SUSPICIOUS_MOVE = YES;
				CLANG_WARN_UNGUARDED_AVAILABILITY = YES_AGGRESSIVE;
				CODE_SIGN_IDENTITY = "iPhone Developer";
				CODE_SIGN_STYLE = Automatic;
				CURRENT_PROJECT_VERSION = 1;
				DEAD_CODE_STRIPPING = NO;
				DEFINES_MODULE = YES;
				DYLIB_COMPATIBILITY_VERSION = 1;
				DYLIB_CURRENT_VERSION = 1;
				DYLIB_INSTALL_NAME_BASE = "@rpath";
				FRAMEWORK_SEARCH_PATHS = (
					"$(inherited)",
					"$(PROJECT_DIR)/Carthage/Build/iOS",
					"$(PROJECT_DIR)/../../Carthage/Build/iOS",
				);
				GCC_C_LANGUAGE_STANDARD = gnu11;
				INFOPLIST_FILE = BackgroundGeolocation/Info.plist;
				INSTALL_PATH = "$(LOCAL_LIBRARY_DIR)/Frameworks";
				IPHONEOS_DEPLOYMENT_TARGET = 12.1;
				LD_RUNPATH_SEARCH_PATHS = "$(inherited) @executable_path/Frameworks @loader_path/Frameworks";
				MTL_ENABLE_DEBUG_INFO = INCLUDE_SOURCE;
				MTL_FAST_MATH = YES;
				PRODUCT_BUNDLE_IDENTIFIER = mauron85.BackgroundGeolocation;
				PRODUCT_NAME = "$(TARGET_NAME:c99extidentifier)";
				SKIP_INSTALL = YES;
				STRIP_STYLE = "non-global";
				TARGETED_DEVICE_FAMILY = "1,2";
				VERSIONING_SYSTEM = "apple-generic";
				VERSION_INFO_PREFIX = "";
			};
			name = Debug;
		};
		412A7616219736AB000F6054 /* Release */ = {
			isa = XCBuildConfiguration;
			buildSettings = {
				CLANG_ANALYZER_NUMBER_OBJECT_CONVERSION = YES_AGGRESSIVE;
				CLANG_CXX_LANGUAGE_STANDARD = "gnu++14";
				CLANG_ENABLE_OBJC_WEAK = YES;
				CLANG_WARN_BLOCK_CAPTURE_AUTORELEASING = YES;
				CLANG_WARN_COMMA = YES;
				CLANG_WARN_DEPRECATED_OBJC_IMPLEMENTATIONS = YES;
				CLANG_WARN_DOCUMENTATION_COMMENTS = YES;
				CLANG_WARN_INFINITE_RECURSION = YES;
				CLANG_WARN_NON_LITERAL_NULL_CONVERSION = YES;
				CLANG_WARN_OBJC_IMPLICIT_RETAIN_SELF = YES;
				CLANG_WARN_OBJC_LITERAL_CONVERSION = YES;
				CLANG_WARN_RANGE_LOOP_ANALYSIS = YES;
				CLANG_WARN_STRICT_PROTOTYPES = YES;
				CLANG_WARN_SUSPICIOUS_MOVE = YES;
				CLANG_WARN_UNGUARDED_AVAILABILITY = YES_AGGRESSIVE;
				CODE_SIGN_IDENTITY = "iPhone Developer";
				CODE_SIGN_STYLE = Automatic;
				CURRENT_PROJECT_VERSION = 1;
				DEAD_CODE_STRIPPING = NO;
				DEFINES_MODULE = YES;
				DYLIB_COMPATIBILITY_VERSION = 1;
				DYLIB_CURRENT_VERSION = 1;
				DYLIB_INSTALL_NAME_BASE = "@rpath";
				FRAMEWORK_SEARCH_PATHS = (
					"$(inherited)",
					"$(PROJECT_DIR)/Carthage/Build/iOS",
					"$(PROJECT_DIR)/../../Carthage/Build/iOS",
				);
				GCC_C_LANGUAGE_STANDARD = gnu11;
				INFOPLIST_FILE = BackgroundGeolocation/Info.plist;
				INSTALL_PATH = "$(LOCAL_LIBRARY_DIR)/Frameworks";
				IPHONEOS_DEPLOYMENT_TARGET = 12.1;
				LD_RUNPATH_SEARCH_PATHS = "$(inherited) @executable_path/Frameworks @loader_path/Frameworks";
				MTL_FAST_MATH = YES;
				PRODUCT_BUNDLE_IDENTIFIER = mauron85.BackgroundGeolocation;
				PRODUCT_NAME = "$(TARGET_NAME:c99extidentifier)";
				SKIP_INSTALL = YES;
				STRIP_STYLE = "non-global";
				TARGETED_DEVICE_FAMILY = "1,2";
				VERSIONING_SYSTEM = "apple-generic";
				VERSION_INFO_PREFIX = "";
			};
			name = Release;
		};
		4148982E1FB593B900323454 /* Debug */ = {
			isa = XCBuildConfiguration;
			buildSettings = {
				CLANG_ANALYZER_NUMBER_OBJECT_CONVERSION = YES_AGGRESSIVE;
				CLANG_CXX_LANGUAGE_STANDARD = "gnu++14";
				CLANG_WARN_BLOCK_CAPTURE_AUTORELEASING = YES;
				CLANG_WARN_COMMA = YES;
				CLANG_WARN_DOCUMENTATION_COMMENTS = YES;
				CLANG_WARN_INFINITE_RECURSION = YES;
				CLANG_WARN_NON_LITERAL_NULL_CONVERSION = YES;
				CLANG_WARN_OBJC_LITERAL_CONVERSION = YES;
				CLANG_WARN_RANGE_LOOP_ANALYSIS = YES;
				CLANG_WARN_STRICT_PROTOTYPES = YES;
				CLANG_WARN_SUSPICIOUS_MOVE = YES;
				CLANG_WARN_UNGUARDED_AVAILABILITY = YES_AGGRESSIVE;
				CODE_SIGN_IDENTITY = "iPhone Developer";
				CODE_SIGN_STYLE = Automatic;
				FRAMEWORK_SEARCH_PATHS = (
					"$(inherited)",
					"$(PROJECT_DIR)/Carthage/Build/iOS",
				);
				GCC_C_LANGUAGE_STANDARD = gnu11;
				INFOPLIST_FILE = BackgroundGeolocationTests/Info.plist;
				IPHONEOS_DEPLOYMENT_TARGET = 11.0;
				LD_RUNPATH_SEARCH_PATHS = "$(inherited) @executable_path/Frameworks @loader_path/Frameworks";
				PRODUCT_BUNDLE_IDENTIFIER = com.marianhello.RCTBackgroundGeolocationTests;
				PRODUCT_NAME = "$(TARGET_NAME)";
				TARGETED_DEVICE_FAMILY = "1,2";
			};
			name = Debug;
		};
		4148982F1FB593B900323454 /* Release */ = {
			isa = XCBuildConfiguration;
			buildSettings = {
				CLANG_ANALYZER_NUMBER_OBJECT_CONVERSION = YES_AGGRESSIVE;
				CLANG_CXX_LANGUAGE_STANDARD = "gnu++14";
				CLANG_WARN_BLOCK_CAPTURE_AUTORELEASING = YES;
				CLANG_WARN_COMMA = YES;
				CLANG_WARN_DOCUMENTATION_COMMENTS = YES;
				CLANG_WARN_INFINITE_RECURSION = YES;
				CLANG_WARN_NON_LITERAL_NULL_CONVERSION = YES;
				CLANG_WARN_OBJC_LITERAL_CONVERSION = YES;
				CLANG_WARN_RANGE_LOOP_ANALYSIS = YES;
				CLANG_WARN_STRICT_PROTOTYPES = YES;
				CLANG_WARN_SUSPICIOUS_MOVE = YES;
				CLANG_WARN_UNGUARDED_AVAILABILITY = YES_AGGRESSIVE;
				CODE_SIGN_IDENTITY = "iPhone Developer";
				CODE_SIGN_STYLE = Automatic;
				FRAMEWORK_SEARCH_PATHS = (
					"$(inherited)",
					"$(PROJECT_DIR)/Carthage/Build/iOS",
				);
				GCC_C_LANGUAGE_STANDARD = gnu11;
				INFOPLIST_FILE = BackgroundGeolocationTests/Info.plist;
				IPHONEOS_DEPLOYMENT_TARGET = 11.0;
				LD_RUNPATH_SEARCH_PATHS = "$(inherited) @executable_path/Frameworks @loader_path/Frameworks";
				PRODUCT_BUNDLE_IDENTIFIER = com.marianhello.RCTBackgroundGeolocationTests;
				PRODUCT_NAME = "$(TARGET_NAME)";
				TARGETED_DEVICE_FAMILY = "1,2";
			};
			name = Release;
		};
		418F754D1D02DC3D0045FEA0 /* Debug */ = {
			isa = XCBuildConfiguration;
			buildSettings = {
				ALWAYS_SEARCH_USER_PATHS = NO;
				CLANG_ANALYZER_NONNULL = YES;
				CLANG_CXX_LANGUAGE_STANDARD = "gnu++0x";
				CLANG_CXX_LIBRARY = "libc++";
				CLANG_ENABLE_MODULES = YES;
				CLANG_ENABLE_OBJC_ARC = YES;
				CLANG_WARN_BOOL_CONVERSION = YES;
				CLANG_WARN_CONSTANT_CONVERSION = YES;
				CLANG_WARN_DIRECT_OBJC_ISA_USAGE = YES_ERROR;
				CLANG_WARN_EMPTY_BODY = YES;
				CLANG_WARN_ENUM_CONVERSION = YES;
				CLANG_WARN_INT_CONVERSION = YES;
				CLANG_WARN_OBJC_ROOT_CLASS = YES_ERROR;
				CLANG_WARN_UNREACHABLE_CODE = YES;
				CLANG_WARN__DUPLICATE_METHOD_MATCH = YES;
				"CODE_SIGN_IDENTITY[sdk=iphoneos*]" = "iPhone Developer";
				COPY_PHASE_STRIP = NO;
				DEBUG_INFORMATION_FORMAT = dwarf;
				ENABLE_STRICT_OBJC_MSGSEND = YES;
				ENABLE_TESTABILITY = YES;
				GCC_C_LANGUAGE_STANDARD = gnu99;
				GCC_DYNAMIC_NO_PIC = NO;
				GCC_NO_COMMON_BLOCKS = YES;
				GCC_OPTIMIZATION_LEVEL = 0;
				GCC_PREPROCESSOR_DEFINITIONS = (
					"DEBUG=1",
					"$(inherited)",
				);
				GCC_WARN_64_TO_32_BIT_CONVERSION = YES;
				GCC_WARN_ABOUT_RETURN_TYPE = YES_ERROR;
				GCC_WARN_UNDECLARED_SELECTOR = YES;
				GCC_WARN_UNINITIALIZED_AUTOS = YES_AGGRESSIVE;
				GCC_WARN_UNUSED_FUNCTION = YES;
				GCC_WARN_UNUSED_VARIABLE = YES;
				IPHONEOS_DEPLOYMENT_TARGET = 9.3;
				MTL_ENABLE_DEBUG_INFO = YES;
				ONLY_ACTIVE_ARCH = YES;
				SDKROOT = iphoneos;
			};
			name = Debug;
		};
		418F754E1D02DC3D0045FEA0 /* Release */ = {
			isa = XCBuildConfiguration;
			buildSettings = {
				ALWAYS_SEARCH_USER_PATHS = NO;
				CLANG_ANALYZER_NONNULL = YES;
				CLANG_CXX_LANGUAGE_STANDARD = "gnu++0x";
				CLANG_CXX_LIBRARY = "libc++";
				CLANG_ENABLE_MODULES = YES;
				CLANG_ENABLE_OBJC_ARC = YES;
				CLANG_WARN_BOOL_CONVERSION = YES;
				CLANG_WARN_CONSTANT_CONVERSION = YES;
				CLANG_WARN_DIRECT_OBJC_ISA_USAGE = YES_ERROR;
				CLANG_WARN_EMPTY_BODY = YES;
				CLANG_WARN_ENUM_CONVERSION = YES;
				CLANG_WARN_INT_CONVERSION = YES;
				CLANG_WARN_OBJC_ROOT_CLASS = YES_ERROR;
				CLANG_WARN_UNREACHABLE_CODE = YES;
				CLANG_WARN__DUPLICATE_METHOD_MATCH = YES;
				"CODE_SIGN_IDENTITY[sdk=iphoneos*]" = "iPhone Developer";
				COPY_PHASE_STRIP = NO;
				DEBUG_INFORMATION_FORMAT = "dwarf-with-dsym";
				ENABLE_NS_ASSERTIONS = NO;
				ENABLE_STRICT_OBJC_MSGSEND = YES;
				GCC_C_LANGUAGE_STANDARD = gnu99;
				GCC_NO_COMMON_BLOCKS = YES;
				GCC_WARN_64_TO_32_BIT_CONVERSION = YES;
				GCC_WARN_ABOUT_RETURN_TYPE = YES_ERROR;
				GCC_WARN_UNDECLARED_SELECTOR = YES;
				GCC_WARN_UNINITIALIZED_AUTOS = YES_AGGRESSIVE;
				GCC_WARN_UNUSED_FUNCTION = YES;
				GCC_WARN_UNUSED_VARIABLE = YES;
				IPHONEOS_DEPLOYMENT_TARGET = 9.3;
				MTL_ENABLE_DEBUG_INFO = NO;
				SDKROOT = iphoneos;
				VALIDATE_PRODUCT = YES;
			};
			name = Release;
		};
		418F75501D02DC3D0045FEA0 /* Debug */ = {
			isa = XCBuildConfiguration;
			buildSettings = {
				DEAD_CODE_STRIPPING = NO;
				FRAMEWORK_SEARCH_PATHS = (
					"$(inherited)",
					"$(PROJECT_DIR)/Carthage/Build/iOS",
					"$(PROJECT_DIR)/../../Carthage/Build/iOS",
				);
				HEADER_SEARCH_PATHS = "$(inherited)";
				OTHER_LDFLAGS = "-ObjC";
				PRODUCT_NAME = "$(TARGET_NAME)";
				SKIP_INSTALL = YES;
				STRIP_STYLE = "non-global";
			};
			name = Debug;
		};
		418F75511D02DC3D0045FEA0 /* Release */ = {
			isa = XCBuildConfiguration;
			buildSettings = {
				DEAD_CODE_STRIPPING = NO;
				FRAMEWORK_SEARCH_PATHS = (
					"$(inherited)",
					"$(PROJECT_DIR)/Carthage/Build/iOS",
					"$(PROJECT_DIR)/../../Carthage/Build/iOS",
				);
				HEADER_SEARCH_PATHS = "$(inherited)";
				OTHER_LDFLAGS = "-ObjC";
				PRODUCT_NAME = "$(TARGET_NAME)";
				SKIP_INSTALL = YES;
				STRIP_STYLE = "non-global";
			};
			name = Release;
		};
/* End XCBuildConfiguration section */

/* Begin XCConfigurationList section */
		412A7614219736AB000F6054 /* Build configuration list for PBXNativeTarget "BackgroundGeolocation" */ = {
			isa = XCConfigurationList;
			buildConfigurations = (
				412A7615219736AB000F6054 /* Debug */,
				412A7616219736AB000F6054 /* Release */,
			);
			defaultConfigurationIsVisible = 0;
			defaultConfigurationName = Release;
		};
		414898301FB593B900323454 /* Build configuration list for PBXNativeTarget "BackgroundGeolocationTests" */ = {
			isa = XCConfigurationList;
			buildConfigurations = (
				4148982E1FB593B900323454 /* Debug */,
				4148982F1FB593B900323454 /* Release */,
			);
			defaultConfigurationIsVisible = 0;
			defaultConfigurationName = Release;
		};
		418F75411D02DC3D0045FEA0 /* Build configuration list for PBXProject "BackgroundGeolocation" */ = {
			isa = XCConfigurationList;
			buildConfigurations = (
				418F754D1D02DC3D0045FEA0 /* Debug */,
				418F754E1D02DC3D0045FEA0 /* Release */,
			);
			defaultConfigurationIsVisible = 0;
			defaultConfigurationName = Release;
		};
		418F754F1D02DC3D0045FEA0 /* Build configuration list for PBXNativeTarget "BackgroundGeolocation-Static" */ = {
			isa = XCConfigurationList;
			buildConfigurations = (
				418F75501D02DC3D0045FEA0 /* Debug */,
				418F75511D02DC3D0045FEA0 /* Release */,
			);
			defaultConfigurationIsVisible = 0;
			defaultConfigurationName = Release;
		};
/* End XCConfigurationList section */
	};
	rootObject = 418F753E1D02DC3D0045FEA0 /* Project object */;
}
